
Microsoft Visual Studio Solution File, Format Version 12.00
# Visual Studio Version 17
VisualStudioVersion = 17.11.35303.130
MinimumVisualStudioVersion = 10.0.40219.1
Project("{FAE04EC0-301F-11D3-BF4B-00C04F79EFBC}") = "exemplo", "exemplo.csproj", "{5CB9D4C3-DF8E-400A-AB5C-51261E47B026}"
EndProject
Global
	GlobalSection(SolutionConfigurationPlatforms) = preSolution
		Debug|Any CPU = Debug|Any CPU
		Release|Any CPU = Release|Any CPU
	EndGlobalSection
	GlobalSection(ProjectConfigurationPlatforms) = postSolution
		{5CB9D4C3-DF8E-400A-AB5C-51261E47B026}.Debug|Any CPU.ActiveCfg = Debug|Any CPU
		{5CB9D4C3-DF8E-400A-AB5C-51261E47B026}.Debug|Any CPU.Build.0 = Debug|Any CPU
		{5CB9D4C3-DF8E-400A-AB5C-51261E47B026}.Release|Any CPU.ActiveCfg = Release|Any CPU
		{5CB9D4C3-DF8E-400A-AB5C-51261E47B026}.Release|Any CPU.Build.0 = Release|Any CPU
	EndGlobalSection
	GlobalSection(SolutionProperties) = preSolution
		HideSolutionNode = FALSE
	EndGlobalSection
	GlobalSection(ExtensibilityGlobals) = postSolution
		SolutionGuid = {E67DA80A-7A88-4C75-BA68-5194DE555B10}
	EndGlobalSection
EndGlobal
